
Microsoft Visual Studio Solution File, Format Version 12.00
# Visual Studio Version 17
VisualStudioVersion = 17.1.32210.238
MinimumVisualStudioVersion = 10.0.40219.1
Project("{FAE04EC0-301F-11D3-BF4B-00C04F79EFBC}") = "Herencia", "Herencia\Herencia.csproj", "{A157CE8B-22AC-4A45-9D46-C2C11A2EE6DB}"
EndProject
Global
	GlobalSection(SolutionConfigurationPlatforms) = preSolution
		Debug|Any CPU = Debug|Any CPU
		Release|Any CPU = Release|Any CPU
	EndGlobalSection
	GlobalSection(ProjectConfigurationPlatforms) = postSolution
		{A157CE8B-22AC-4A45-9D46-C2C11A2EE6DB}.Debug|Any CPU.ActiveCfg = Debug|Any CPU
		{A157CE8B-22AC-4A45-9D46-C2C11A2EE6DB}.Debug|Any CPU.Build.0 = Debug|Any CPU
		{A157CE8B-22AC-4A45-9D46-C2C11A2EE6DB}.Release|Any CPU.ActiveCfg = Release|Any CPU
		{A157CE8B-22AC-4A45-9D46-C2C11A2EE6DB}.Release|Any CPU.Build.0 = Release|Any CPU
	EndGlobalSection
	GlobalSection(SolutionProperties) = preSolution
		HideSolutionNode = FALSE
	EndGlobalSection
	GlobalSection(ExtensibilityGlobals) = postSolution
		SolutionGuid = {2FDE043F-85A6-4FB9-A751-20298182B00D}
	EndGlobalSection
EndGlobal
